// !$*UTF8*$!
{
	archiveVersion = 1;
	classes = {
	};
	objectVersion = 50;
	objects = {

/* Begin PBXBuildFile section */
		F952E52126273F1F0002DF97 /* AppDelegate.swift in Sources */ = {isa = PBXBuildFile; fileRef = F952E52026273F1F0002DF97 /* AppDelegate.swift */; };
		F952E52326273F1F0002DF97 /* SceneDelegate.swift in Sources */ = {isa = PBXBuildFile; fileRef = F952E52226273F1F0002DF97 /* SceneDelegate.swift */; };
		F952E52526273F1F0002DF97 /* ViewController.swift in Sources */ = {isa = PBXBuildFile; fileRef = F952E52426273F1F0002DF97 /* ViewController.swift */; };
		F952E52826273F1F0002DF97 /* Main.storyboard in Resources */ = {isa = PBXBuildFile; fileRef = F952E52626273F1F0002DF97 /* Main.storyboard */; };
		F952E52A26273F220002DF97 /* Assets.xcassets in Resources */ = {isa = PBXBuildFile; fileRef = F952E52926273F220002DF97 /* Assets.xcassets */; };
		F952E52D26273F220002DF97 /* LaunchScreen.storyboard in Resources */ = {isa = PBXBuildFile; fileRef = F952E52B26273F220002DF97 /* LaunchScreen.storyboard */; };
		F952E53826273F220002DF97 /* myAppTests.swift in Sources */ = {isa = PBXBuildFile; fileRef = F952E53726273F220002DF97 /* myAppTests.swift */; };
		F952E54326273F220002DF97 /* myAppUITests.swift in Sources */ = {isa = PBXBuildFile; fileRef = F952E54226273F220002DF97 /* myAppUITests.swift */; };
		F952E596262740330002DF97 /* mylib.h in Headers */ = {isa = PBXBuildFile; fileRef = F952E594262740330002DF97 /* mylib.h */; settings = {ATTRIBUTES = (Public, ); }; };
		F952E599262740330002DF97 /* mylib.framework in Frameworks */ = {isa = PBXBuildFile; fileRef = F952E592262740330002DF97 /* mylib.framework */; };
		F952E59A262740330002DF97 /* mylib.framework in Embed Frameworks */ = {isa = PBXBuildFile; fileRef = F952E592262740330002DF97 /* mylib.framework */; settings = {ATTRIBUTES = (CodeSignOnCopy, RemoveHeadersOnCopy, ); }; };
		F952E5A4262740780002DF97 /* main.c in Sources */ = {isa = PBXBuildFile; fileRef = F952E5A2262740780002DF97 /* main.c */; };
		F952E5AF262741130002DF97 /* Header.h in Headers */ = {isa = PBXBuildFile; fileRef = F952E5AB262740D90002DF97 /* Header.h */; settings = {ATTRIBUTES = (Public, ); }; };
/* End PBXBuildFile section */

/* Begin PBXContainerItemProxy section */
		F952E53426273F220002DF97 /* PBXContainerItemProxy */ = {
			isa = PBXContainerItemProxy;
			containerPortal = F952E51526273F1F0002DF97 /* Project object */;
			proxyType = 1;
			remoteGlobalIDString = F952E51C26273F1F0002DF97;
			remoteInfo = myApp;
		};
		F952E53F26273F220002DF97 /* PBXContainerItemProxy */ = {
			isa = PBXContainerItemProxy;
			containerPortal = F952E51526273F1F0002DF97 /* Project object */;
			proxyType = 1;
			remoteGlobalIDString = F952E51C26273F1F0002DF97;
			remoteInfo = myApp;
		};
		F952E597262740330002DF97 /* PBXContainerItemProxy */ = {
			isa = PBXContainerItemProxy;
			containerPortal = F952E51526273F1F0002DF97 /* Project object */;
			proxyType = 1;
			remoteGlobalIDString = F952E591262740330002DF97;
			remoteInfo = mylib;
		};
/* End PBXContainerItemProxy section */

/* Begin PBXCopyFilesBuildPhase section */
		F952E57426273FD00002DF97 /* Embed Frameworks */ = {
			isa = PBXCopyFilesBuildPhase;
			buildActionMask = 2147483647;
			dstPath = "";
			dstSubfolderSpec = 10;
			files = (
				F952E59A262740330002DF97 /* mylib.framework in Embed Frameworks */,
			);
			name = "Embed Frameworks";
			runOnlyForDeploymentPostprocessing = 0;
		};
/* End PBXCopyFilesBuildPhase section */

/* Begin PBXFileReference section */
		F952E51D26273F1F0002DF97 /* myApp.app */ = {isa = PBXFileReference; explicitFileType = wrapper.application; includeInIndex = 0; path = myApp.app; sourceTree = BUILT_PRODUCTS_DIR; };
		F952E52026273F1F0002DF97 /* AppDelegate.swift */ = {isa = PBXFileReference; lastKnownFileType = sourcecode.swift; path = AppDelegate.swift; sourceTree = "<group>"; };
		F952E52226273F1F0002DF97 /* SceneDelegate.swift */ = {isa = PBXFileReference; lastKnownFileType = sourcecode.swift; path = SceneDelegate.swift; sourceTree = "<group>"; };
		F952E52426273F1F0002DF97 /* ViewController.swift */ = {isa = PBXFileReference; lastKnownFileType = sourcecode.swift; path = ViewController.swift; sourceTree = "<group>"; };
		F952E52726273F1F0002DF97 /* Base */ = {isa = PBXFileReference; lastKnownFileType = file.storyboard; name = Base; path = Base.lproj/Main.storyboard; sourceTree = "<group>"; };
		F952E52926273F220002DF97 /* Assets.xcassets */ = {isa = PBXFileReference; lastKnownFileType = folder.assetcatalog; path = Assets.xcassets; sourceTree = "<group>"; };
		F952E52C26273F220002DF97 /* Base */ = {isa = PBXFileReference; lastKnownFileType = file.storyboard; name = Base; path = Base.lproj/LaunchScreen.storyboard; sourceTree = "<group>"; };
		F952E52E26273F220002DF97 /* Info.plist */ = {isa = PBXFileReference; lastKnownFileType = text.plist.xml; path = Info.plist; sourceTree = "<group>"; };
		F952E53326273F220002DF97 /* myAppTests.xctest */ = {isa = PBXFileReference; explicitFileType = wrapper.cfbundle; includeInIndex = 0; path = myAppTests.xctest; sourceTree = BUILT_PRODUCTS_DIR; };
		F952E53726273F220002DF97 /* myAppTests.swift */ = {isa = PBXFileReference; lastKnownFileType = sourcecode.swift; path = myAppTests.swift; sourceTree = "<group>"; };
		F952E53926273F220002DF97 /* Info.plist */ = {isa = PBXFileReference; lastKnownFileType = text.plist.xml; path = Info.plist; sourceTree = "<group>"; };
		F952E53E26273F220002DF97 /* myAppUITests.xctest */ = {isa = PBXFileReference; explicitFileType = wrapper.cfbundle; includeInIndex = 0; path = myAppUITests.xctest; sourceTree = BUILT_PRODUCTS_DIR; };
		F952E54226273F220002DF97 /* myAppUITests.swift */ = {isa = PBXFileReference; lastKnownFileType = sourcecode.swift; path = myAppUITests.swift; sourceTree = "<group>"; };
		F952E54426273F220002DF97 /* Info.plist */ = {isa = PBXFileReference; lastKnownFileType = text.plist.xml; path = Info.plist; sourceTree = "<group>"; };
		F952E592262740330002DF97 /* mylib.framework */ = {isa = PBXFileReference; explicitFileType = wrapper.framework; includeInIndex = 0; path = mylib.framework; sourceTree = BUILT_PRODUCTS_DIR; };
		F952E594262740330002DF97 /* mylib.h */ = {isa = PBXFileReference; lastKnownFileType = sourcecode.c.h; path = mylib.h; sourceTree = "<group>"; };
		F952E595262740330002DF97 /* Info.plist */ = {isa = PBXFileReference; lastKnownFileType = text.plist.xml; path = Info.plist; sourceTree = "<group>"; };
		F952E5A2262740780002DF97 /* main.c */ = {isa = PBXFileReference; lastKnownFileType = sourcecode.c.c; path = main.c; sourceTree = "<group>"; };
		F952E5AB262740D90002DF97 /* Header.h */ = {isa = PBXFileReference; lastKnownFileType = sourcecode.c.h; path = Header.h; sourceTree = "<group>"; };
/* End PBXFileReference section */

/* Begin PBXFrameworksBuildPhase section */
		F952E51A26273F1F0002DF97 /* Frameworks */ = {
			isa = PBXFrameworksBuildPhase;
			buildActionMask = 2147483647;
			files = (
				F952E599262740330002DF97 /* mylib.framework in Frameworks */,
			);
			runOnlyForDeploymentPostprocessing = 0;
		};
		F952E53026273F220002DF97 /* Frameworks */ = {
			isa = PBXFrameworksBuildPhase;
			buildActionMask = 2147483647;
			files = (
			);
			runOnlyForDeploymentPostprocessing = 0;
		};
		F952E53B26273F220002DF97 /* Frameworks */ = {
			isa = PBXFrameworksBuildPhase;
			buildActionMask = 2147483647;
			files = (
			);
			runOnlyForDeploymentPostprocessing = 0;
		};
		F952E58F262740330002DF97 /* Frameworks */ = {
			isa = PBXFrameworksBuildPhase;
			buildActionMask = 2147483647;
			files = (
			);
			runOnlyForDeploymentPostprocessing = 0;
		};
/* End PBXFrameworksBuildPhase section */

/* Begin PBXGroup section */
		F952E51426273F1F0002DF97 = {
			isa = PBXGroup;
			children = (
				F952E51F26273F1F0002DF97 /* myApp */,
				F952E53626273F220002DF97 /* myAppTests */,
				F952E54126273F220002DF97 /* myAppUITests */,
				F952E593262740330002DF97 /* mylib */,
				F952E51E26273F1F0002DF97 /* Products */,
				F952E57026273FD00002DF97 /* Frameworks */,
			);
			sourceTree = "<group>";
		};
		F952E51E26273F1F0002DF97 /* Products */ = {
			isa = PBXGroup;
			children = (
				F952E51D26273F1F0002DF97 /* myApp.app */,
				F952E53326273F220002DF97 /* myAppTests.xctest */,
				F952E53E26273F220002DF97 /* myAppUITests.xctest */,
				F952E592262740330002DF97 /* mylib.framework */,
			);
			name = Products;
			sourceTree = "<group>";
		};
		F952E51F26273F1F0002DF97 /* myApp */ = {
			isa = PBXGroup;
			children = (
				F952E52026273F1F0002DF97 /* AppDelegate.swift */,
				F952E52226273F1F0002DF97 /* SceneDelegate.swift */,
				F952E52426273F1F0002DF97 /* ViewController.swift */,
				F952E52626273F1F0002DF97 /* Main.storyboard */,
				F952E52926273F220002DF97 /* Assets.xcassets */,
				F952E52B26273F220002DF97 /* LaunchScreen.storyboard */,
				F952E52E26273F220002DF97 /* Info.plist */,
			);
			path = myApp;
			sourceTree = "<group>";
		};
		F952E53626273F220002DF97 /* myAppTests */ = {
			isa = PBXGroup;
			children = (
				F952E53726273F220002DF97 /* myAppTests.swift */,
				F952E53926273F220002DF97 /* Info.plist */,
			);
			path = myAppTests;
			sourceTree = "<group>";
		};
		F952E54126273F220002DF97 /* myAppUITests */ = {
			isa = PBXGroup;
			children = (
				F952E54226273F220002DF97 /* myAppUITests.swift */,
				F952E54426273F220002DF97 /* Info.plist */,
			);
			path = myAppUITests;
			sourceTree = "<group>";
		};
		F952E57026273FD00002DF97 /* Frameworks */ = {
			isa = PBXGroup;
			children = (
			);
			name = Frameworks;
			sourceTree = "<group>";
		};
		F952E593262740330002DF97 /* mylib */ = {
			isa = PBXGroup;
			children = (
				F952E594262740330002DF97 /* mylib.h */,
				F952E595262740330002DF97 /* Info.plist */,
				F952E5A2262740780002DF97 /* main.c */,
				F952E5AB262740D90002DF97 /* Header.h */,
			);
			path = mylib;
			sourceTree = "<group>";
		};
/* End PBXGroup section */

/* Begin PBXHeadersBuildPhase section */
		F952E58D262740330002DF97 /* Headers */ = {
			isa = PBXHeadersBuildPhase;
			buildActionMask = 2147483647;
			files = (
				F952E596262740330002DF97 /* mylib.h in Headers */,
				F952E5AF262741130002DF97 /* Header.h in Headers */,
			);
			runOnlyForDeploymentPostprocessing = 0;
		};
/* End PBXHeadersBuildPhase section */

/* Begin PBXNativeTarget section */
		F952E51C26273F1F0002DF97 /* myApp */ = {
			isa = PBXNativeTarget;
			buildConfigurationList = F952E54726273F220002DF97 /* Build configuration list for PBXNativeTarget "myApp" */;
			buildPhases = (
				F952E51926273F1F0002DF97 /* Sources */,
				F952E51A26273F1F0002DF97 /* Frameworks */,
				F952E51B26273F1F0002DF97 /* Resources */,
				F952E57426273FD00002DF97 /* Embed Frameworks */,
			);
			buildRules = (
			);
			dependencies = (
				F952E598262740330002DF97 /* PBXTargetDependency */,
			);
			name = myApp;
			productName = myApp;
			productReference = F952E51D26273F1F0002DF97 /* myApp.app */;
			productType = "com.apple.product-type.application";
		};
		F952E53226273F220002DF97 /* myAppTests */ = {
			isa = PBXNativeTarget;
			buildConfigurationList = F952E54A26273F220002DF97 /* Build configuration list for PBXNativeTarget "myAppTests" */;
			buildPhases = (
				F952E52F26273F220002DF97 /* Sources */,
				F952E53026273F220002DF97 /* Frameworks */,
				F952E53126273F220002DF97 /* Resources */,
			);
			buildRules = (
			);
			dependencies = (
				F952E53526273F220002DF97 /* PBXTargetDependency */,
			);
			name = myAppTests;
			productName = myAppTests;
			productReference = F952E53326273F220002DF97 /* myAppTests.xctest */;
			productType = "com.apple.product-type.bundle.unit-test";
		};
		F952E53D26273F220002DF97 /* myAppUITests */ = {
			isa = PBXNativeTarget;
			buildConfigurationList = F952E54D26273F220002DF97 /* Build configuration list for PBXNativeTarget "myAppUITests" */;
			buildPhases = (
				F952E53A26273F220002DF97 /* Sources */,
				F952E53B26273F220002DF97 /* Frameworks */,
				F952E53C26273F220002DF97 /* Resources */,
			);
			buildRules = (
			);
			dependencies = (
				F952E54026273F220002DF97 /* PBXTargetDependency */,
			);
			name = myAppUITests;
			productName = myAppUITests;
			productReference = F952E53E26273F220002DF97 /* myAppUITests.xctest */;
			productType = "com.apple.product-type.bundle.ui-testing";
		};
		F952E591262740330002DF97 /* mylib */ = {
			isa = PBXNativeTarget;
			buildConfigurationList = F952E59B262740330002DF97 /* Build configuration list for PBXNativeTarget "mylib" */;
			buildPhases = (
				F952E58D262740330002DF97 /* Headers */,
				F952E58E262740330002DF97 /* Sources */,
				F952E58F262740330002DF97 /* Frameworks */,
				F952E590262740330002DF97 /* Resources */,
			);
			buildRules = (
			);
			dependencies = (
			);
			name = mylib;
			productName = mylib;
			productReference = F952E592262740330002DF97 /* mylib.framework */;
			productType = "com.apple.product-type.framework";
		};
/* End PBXNativeTarget section */

/* Begin PBXProject section */
		F952E51526273F1F0002DF97 /* Project object */ = {
			isa = PBXProject;
			attributes = {
				LastSwiftUpdateCheck = 1240;
				LastUpgradeCheck = 1240;
				TargetAttributes = {
					F952E51C26273F1F0002DF97 = {
						CreatedOnToolsVersion = 12.4;
					};
					F952E53226273F220002DF97 = {
						CreatedOnToolsVersion = 12.4;
						TestTargetID = F952E51C26273F1F0002DF97;
					};
					F952E53D26273F220002DF97 = {
						CreatedOnToolsVersion = 12.4;
						TestTargetID = F952E51C26273F1F0002DF97;
					};
					F952E591262740330002DF97 = {
						CreatedOnToolsVersion = 12.4;
					};
				};
			};
			buildConfigurationList = F952E51826273F1F0002DF97 /* Build configuration list for PBXProject "myApp" */;
			compatibilityVersion = "Xcode 9.3";
			developmentRegion = en;
			hasScannedForEncodings = 0;
			knownRegions = (
				en,
				Base,
			);
			mainGroup = F952E51426273F1F0002DF97;
			productRefGroup = F952E51E26273F1F0002DF97 /* Products */;
			projectDirPath = "";
			projectRoot = "";
			targets = (
				F952E51C26273F1F0002DF97 /* myApp */,
				F952E53226273F220002DF97 /* myAppTests */,
				F952E53D26273F220002DF97 /* myAppUITests */,
				F952E591262740330002DF97 /* mylib */,
			);
		};
/* End PBXProject section */

/* Begin PBXResourcesBuildPhase section */
		F952E51B26273F1F0002DF97 /* Resources */ = {
			isa = PBXResourcesBuildPhase;
			buildActionMask = 2147483647;
			files = (
				F952E52D26273F220002DF97 /* LaunchScreen.storyboard in Resources */,
				F952E52A26273F220002DF97 /* Assets.xcassets in Resources */,
				F952E52826273F1F0002DF97 /* Main.storyboard in Resources */,
			);
			runOnlyForDeploymentPostprocessing = 0;
		};
		F952E53126273F220002DF97 /* Resources */ = {
			isa = PBXResourcesBuildPhase;
			buildActionMask = 2147483647;
			files = (
			);
			runOnlyForDeploymentPostprocessing = 0;
		};
		F952E53C26273F220002DF97 /* Resources */ = {
			isa = PBXResourcesBuildPhase;
			buildActionMask = 2147483647;
			files = (
			);
			runOnlyForDeploymentPostprocessing = 0;
		};
		F952E590262740330002DF97 /* Resources */ = {
			isa = PBXResourcesBuildPhase;
			buildActionMask = 2147483647;
			files = (
			);
			runOnlyForDeploymentPostprocessing = 0;
		};
/* End PBXResourcesBuildPhase section */

/* Begin PBXSourcesBuildPhase section */
		F952E51926273F1F0002DF97 /* Sources */ = {
			isa = PBXSourcesBuildPhase;
			buildActionMask = 2147483647;
			files = (
				F952E52526273F1F0002DF97 /* ViewController.swift in Sources */,
				F952E52126273F1F0002DF97 /* AppDelegate.swift in Sources */,
				F952E52326273F1F0002DF97 /* SceneDelegate.swift in Sources */,
			);
			runOnlyForDeploymentPostprocessing = 0;
		};
		F952E52F26273F220002DF97 /* Sources */ = {
			isa = PBXSourcesBuildPhase;
			buildActionMask = 2147483647;
			files = (
				F952E53826273F220002DF97 /* myAppTests.swift in Sources */,
			);
			runOnlyForDeploymentPostprocessing = 0;
		};
		F952E53A26273F220002DF97 /* Sources */ = {
			isa = PBXSourcesBuildPhase;
			buildActionMask = 2147483647;
			files = (
				F952E54326273F220002DF97 /* myAppUITests.swift in Sources */,
			);
			runOnlyForDeploymentPostprocessing = 0;
		};
		F952E58E262740330002DF97 /* Sources */ = {
			isa = PBXSourcesBuildPhase;
			buildActionMask = 2147483647;
			files = (
				F952E5A4262740780002DF97 /* main.c in Sources */,
			);
			runOnlyForDeploymentPostprocessing = 0;
		};
/* End PBXSourcesBuildPhase section */

/* Begin PBXTargetDependency section */
		F952E53526273F220002DF97 /* PBXTargetDependency */ = {
			isa = PBXTargetDependency;
			target = F952E51C26273F1F0002DF97 /* myApp */;
			targetProxy = F952E53426273F220002DF97 /* PBXContainerItemProxy */;
		};
		F952E54026273F220002DF97 /* PBXTargetDependency */ = {
			isa = PBXTargetDependency;
			target = F952E51C26273F1F0002DF97 /* myApp */;
			targetProxy = F952E53F26273F220002DF97 /* PBXContainerItemProxy */;
		};
		F952E598262740330002DF97 /* PBXTargetDependency */ = {
			isa = PBXTargetDependency;
			target = F952E591262740330002DF97 /* mylib */;
			targetProxy = F952E597262740330002DF97 /* PBXContainerItemProxy */;
		};
/* End PBXTargetDependency section */

/* Begin PBXVariantGroup section */
		F952E52626273F1F0002DF97 /* Main.storyboard */ = {
			isa = PBXVariantGroup;
			children = (
				F952E52726273F1F0002DF97 /* Base */,
			);
			name = Main.storyboard;
			sourceTree = "<group>";
		};
		F952E52B26273F220002DF97 /* LaunchScreen.storyboard */ = {
			isa = PBXVariantGroup;
			children = (
				F952E52C26273F220002DF97 /* Base */,
			);
			name = LaunchScreen.storyboard;
			sourceTree = "<group>";
		};
/* End PBXVariantGroup section */

/* Begin XCBuildConfiguration section */
		F952E54526273F220002DF97 /* Debug */ = {
			isa = XCBuildConfiguration;
			buildSettings = {
				ALWAYS_SEARCH_USER_PATHS = NO;
				CLANG_ANALYZER_NONNULL = YES;
				CLANG_ANALYZER_NUMBER_OBJECT_CONVERSION = YES_AGGRESSIVE;
				CLANG_CXX_LANGUAGE_STANDARD = "gnu++14";
				CLANG_CXX_LIBRARY = "libc++";
				CLANG_ENABLE_MODULES = YES;
				CLANG_ENABLE_OBJC_ARC = YES;
				CLANG_ENABLE_OBJC_WEAK = YES;
				CLANG_WARN_BLOCK_CAPTURE_AUTORELEASING = YES;
				CLANG_WARN_BOOL_CONVERSION = YES;
				CLANG_WARN_COMMA = YES;
				CLANG_WARN_CONSTANT_CONVERSION = YES;
				CLANG_WARN_DEPRECATED_OBJC_IMPLEMENTATIONS = YES;
				CLANG_WARN_DIRECT_OBJC_ISA_USAGE = YES_ERROR;
				CLANG_WARN_DOCUMENTATION_COMMENTS = YES;
				CLANG_WARN_EMPTY_BODY = YES;
				CLANG_WARN_ENUM_CONVERSION = YES;
				CLANG_WARN_INFINITE_RECURSION = YES;
				CLANG_WARN_INT_CONVERSION = YES;
				CLANG_WARN_NON_LITERAL_NULL_CONVERSION = YES;
				CLANG_WARN_OBJC_IMPLICIT_RETAIN_SELF = YES;
				CLANG_WARN_OBJC_LITERAL_CONVERSION = YES;
				CLANG_WARN_OBJC_ROOT_CLASS = YES_ERROR;
				CLANG_WARN_QUOTED_INCLUDE_IN_FRAMEWORK_HEADER = YES;
				CLANG_WARN_RANGE_LOOP_ANALYSIS = YES;
				CLANG_WARN_STRICT_PROTOTYPES = YES;
				CLANG_WARN_SUSPICIOUS_MOVE = YES;
				CLANG_WARN_UNGUARDED_AVAILABILITY = YES_AGGRESSIVE;
				CLANG_WARN_UNREACHABLE_CODE = YES;
				CLANG_WARN__DUPLICATE_METHOD_MATCH = YES;
				COPY_PHASE_STRIP = NO;
				DEBUG_INFORMATION_FORMAT = dwarf;
				ENABLE_STRICT_OBJC_MSGSEND = YES;
				ENABLE_TESTABILITY = YES;
				GCC_C_LANGUAGE_STANDARD = gnu11;
				GCC_DYNAMIC_NO_PIC = NO;
				GCC_NO_COMMON_BLOCKS = YES;
				GCC_OPTIMIZATION_LEVEL = 0;
				GCC_PREPROCESSOR_DEFINITIONS = (
					"DEBUG=1",
					"$(inherited)",
				);
				GCC_WARN_64_TO_32_BIT_CONVERSION = YES;
				GCC_WARN_ABOUT_RETURN_TYPE = YES_ERROR;
				GCC_WARN_UNDECLARED_SELECTOR = YES;
				GCC_WARN_UNINITIALIZED_AUTOS = YES_AGGRESSIVE;
				GCC_WARN_UNUSED_FUNCTION = YES;
				GCC_WARN_UNUSED_VARIABLE = YES;
				IPHONEOS_DEPLOYMENT_TARGET = 14.4;
				MTL_ENABLE_DEBUG_INFO = INCLUDE_SOURCE;
				MTL_FAST_MATH = YES;
				ONLY_ACTIVE_ARCH = YES;
				SDKROOT = iphoneos;
				SWIFT_ACTIVE_COMPILATION_CONDITIONS = DEBUG;
				SWIFT_OPTIMIZATION_LEVEL = "-Onone";
			};
			name = Debug;
		};
		F952E54626273F220002DF97 /* Release */ = {
			isa = XCBuildConfiguration;
			buildSettings = {
				ALWAYS_SEARCH_USER_PATHS = NO;
				CLANG_ANALYZER_NONNULL = YES;
				CLANG_ANALYZER_NUMBER_OBJECT_CONVERSION = YES_AGGRESSIVE;
				CLANG_CXX_LANGUAGE_STANDARD = "gnu++14";
				CLANG_CXX_LIBRARY = "libc++";
				CLANG_ENABLE_MODULES = YES;
				CLANG_ENABLE_OBJC_ARC = YES;
				CLANG_ENABLE_OBJC_WEAK = YES;
				CLANG_WARN_BLOCK_CAPTURE_AUTORELEASING = YES;
				CLANG_WARN_BOOL_CONVERSION = YES;
				CLANG_WARN_COMMA = YES;
				CLANG_WARN_CONSTANT_CONVERSION = YES;
				CLANG_WARN_DEPRECATED_OBJC_IMPLEMENTATIONS = YES;
				CLANG_WARN_DIRECT_OBJC_ISA_USAGE = YES_ERROR;
				CLANG_WARN_DOCUMENTATION_COMMENTS = YES;
				CLANG_WARN_EMPTY_BODY = YES;
				CLANG_WARN_ENUM_CONVERSION = YES;
				CLANG_WARN_INFINITE_RECURSION = YES;
				CLANG_WARN_INT_CONVERSION = YES;
				CLANG_WARN_NON_LITERAL_NULL_CONVERSION = YES;
				CLANG_WARN_OBJC_IMPLICIT_RETAIN_SELF = YES;
				CLANG_WARN_OBJC_LITERAL_CONVERSION = YES;
				CLANG_WARN_OBJC_ROOT_CLASS = YES_ERROR;
				CLANG_WARN_QUOTED_INCLUDE_IN_FRAMEWORK_HEADER = YES;
				CLANG_WARN_RANGE_LOOP_ANALYSIS = YES;
				CLANG_WARN_STRICT_PROTOTYPES = YES;
				CLANG_WARN_SUSPICIOUS_MOVE = YES;
				CLANG_WARN_UNGUARDED_AVAILABILITY = YES_AGGRESSIVE;
				CLANG_WARN_UNREACHABLE_CODE = YES;
				CLANG_WARN__DUPLICATE_METHOD_MATCH = YES;
				COPY_PHASE_STRIP = NO;
				DEBUG_INFORMATION_FORMAT = "dwarf-with-dsym";
				ENABLE_NS_ASSERTIONS = NO;
				ENABLE_STRICT_OBJC_MSGSEND = YES;
				GCC_C_LANGUAGE_STANDARD = gnu11;
				GCC_NO_COMMON_BLOCKS = YES;
				GCC_WARN_64_TO_32_BIT_CONVERSION = YES;
				GCC_WARN_ABOUT_RETURN_TYPE = YES_ERROR;
				GCC_WARN_UNDECLARED_SELECTOR = YES;
				GCC_WARN_UNINITIALIZED_AUTOS = YES_AGGRESSIVE;
				GCC_WARN_UNUSED_FUNCTION = YES;
				GCC_WARN_UNUSED_VARIABLE = YES;
				IPHONEOS_DEPLOYMENT_TARGET = 14.4;
				MTL_ENABLE_DEBUG_INFO = NO;
				MTL_FAST_MATH = YES;
				SDKROOT = iphoneos;
				SWIFT_COMPILATION_MODE = wholemodule;
				SWIFT_OPTIMIZATION_LEVEL = "-O";
				VALIDATE_PRODUCT = YES;
			};
			name = Release;
		};
		F952E54826273F220002DF97 /* Debug */ = {
			isa = XCBuildConfiguration;
			buildSettings = {
				ASSETCATALOG_COMPILER_APPICON_NAME = AppIcon;
				ASSETCATALOG_COMPILER_GLOBAL_ACCENT_COLOR_NAME = AccentColor;
				CODE_SIGN_STYLE = Automatic;
				DEVELOPMENT_TEAM = KS7NMJW8M9;
				INFOPLIST_FILE = myApp/Info.plist;
				LD_RUNPATH_SEARCH_PATHS = (
					"$(inherited)",
					"@executable_path/Frameworks",
				);
				PRODUCT_BUNDLE_IDENTIFIER = lucidmaj7.myApp;
				PRODUCT_NAME = "$(TARGET_NAME)";
				SWIFT_VERSION = 5.0;
				TARGETED_DEVICE_FAMILY = "1,2";
			};
			name = Debug;
		};
		F952E54926273F220002DF97 /* Release */ = {
			isa = XCBuildConfiguration;
			buildSettings = {
				ASSETCATALOG_COMPILER_APPICON_NAME = AppIcon;
				ASSETCATALOG_COMPILER_GLOBAL_ACCENT_COLOR_NAME = AccentColor;
				CODE_SIGN_STYLE = Automatic;
				DEVELOPMENT_TEAM = KS7NMJW8M9;
				INFOPLIST_FILE = myApp/Info.plist;
				LD_RUNPATH_SEARCH_PATHS = (
					"$(inherited)",
					"@executable_path/Frameworks",
				);
				PRODUCT_BUNDLE_IDENTIFIER = lucidmaj7.myApp;
				PRODUCT_NAME = "$(TARGET_NAME)";
				SWIFT_VERSION = 5.0;
				TARGETED_DEVICE_FAMILY = "1,2";
			};
			name = Release;
		};
		F952E54B26273F220002DF97 /* Debug */ = {
			isa = XCBuildConfiguration;
			buildSettings = {
				ALWAYS_EMBED_SWIFT_STANDARD_LIBRARIES = YES;
				BUNDLE_LOADER = "$(TEST_HOST)";
				CODE_SIGN_STYLE = Automatic;
				DEVELOPMENT_TEAM = KS7NMJW8M9;
				INFOPLIST_FILE = myAppTests/Info.plist;
				IPHONEOS_DEPLOYMENT_TARGET = 14.4;
				LD_RUNPATH_SEARCH_PATHS = (
					"$(inherited)",
					"@executable_path/Frameworks",
					"@loader_path/Frameworks",
				);
				PRODUCT_BUNDLE_IDENTIFIER = lucidmaj7.myAppTests;
				PRODUCT_NAME = "$(TARGET_NAME)";
				SWIFT_VERSION = 5.0;
				TARGETED_DEVICE_FAMILY = "1,2";
				TEST_HOST = "$(BUILT_PRODUCTS_DIR)/myApp.app/myApp";
			};
			name = Debug;
		};
		F952E54C26273F220002DF97 /* Release */ = {
			isa = XCBuildConfiguration;
			buildSettings = {
				ALWAYS_EMBED_SWIFT_STANDARD_LIBRARIES = YES;
				BUNDLE_LOADER = "$(TEST_HOST)";
				CODE_SIGN_STYLE = Automatic;
				DEVELOPMENT_TEAM = KS7NMJW8M9;
				INFOPLIST_FILE = myAppTests/Info.plist;
				IPHONEOS_DEPLOYMENT_TARGET = 14.4;
				LD_RUNPATH_SEARCH_PATHS = (
					"$(inherited)",
					"@executable_path/Frameworks",
					"@loader_path/Frameworks",
				);
				PRODUCT_BUNDLE_IDENTIFIER = lucidmaj7.myAppTests;
				PRODUCT_NAME = "$(TARGET_NAME)";
				SWIFT_VERSION = 5.0;
				TARGETED_DEVICE_FAMILY = "1,2";
				TEST_HOST = "$(BUILT_PRODUCTS_DIR)/myApp.app/myApp";
			};
			name = Release;
		};
		F952E54E26273F220002DF97 /* Debug */ = {
			isa = XCBuildConfiguration;
			buildSettings = {
				ALWAYS_EMBED_SWIFT_STANDARD_LIBRARIES = YES;
				CODE_SIGN_STYLE = Automatic;
				DEVELOPMENT_TEAM = KS7NMJW8M9;
				INFOPLIST_FILE = myAppUITests/Info.plist;
				LD_RUNPATH_SEARCH_PATHS = (
					"$(inherited)",
					"@executable_path/Frameworks",
					"@loader_path/Frameworks",
				);
				PRODUCT_BUNDLE_IDENTIFIER = lucidmaj7.myAppUITests;
				PRODUCT_NAME = "$(TARGET_NAME)";
				SWIFT_VERSION = 5.0;
				TARGETED_DEVICE_FAMILY = "1,2";
				TEST_TARGET_NAME = myApp;
			};
			name = Debug;
		};
		F952E54F26273F220002DF97 /* Release */ = {
			isa = XCBuildConfiguration;
			buildSettings = {
				ALWAYS_EMBED_SWIFT_STANDARD_LIBRARIES = YES;
				CODE_SIGN_STYLE = Automatic;
				DEVELOPMENT_TEAM = KS7NMJW8M9;
				INFOPLIST_FILE = myAppUITests/Info.plist;
				LD_RUNPATH_SEARCH_PATHS = (
					"$(inherited)",
					"@executable_path/Frameworks",
					"@loader_path/Frameworks",
				);
				PRODUCT_BUNDLE_IDENTIFIER = lucidmaj7.myAppUITests;
				PRODUCT_NAME = "$(TARGET_NAME)";
				SWIFT_VERSION = 5.0;
				TARGETED_DEVICE_FAMILY = "1,2";
				TEST_TARGET_NAME = myApp;
			};
			name = Release;
		};
		F952E59C262740330002DF97 /* Debug */ = {
			isa = XCBuildConfiguration;
			buildSettings = {
				CODE_SIGN_STYLE = Automatic;
				CURRENT_PROJECT_VERSION = 1;
				DEFINES_MODULE = YES;
				DEVELOPMENT_TEAM = KS7NMJW8M9;
				DYLIB_COMPATIBILITY_VERSION = 1;
				DYLIB_CURRENT_VERSION = 1;
				DYLIB_INSTALL_NAME_BASE = "@rpath";
				INFOPLIST_FILE = mylib/Info.plist;
				INSTALL_PATH = "$(LOCAL_LIBRARY_DIR)/Frameworks";
				LD_RUNPATH_SEARCH_PATHS = (
					"$(inherited)",
					"@executable_path/Frameworks",
					"@loader_path/Frameworks",
				);
				PRODUCT_BUNDLE_IDENTIFIER = lucidmaj7.mylib;
				PRODUCT_NAME = "$(TARGET_NAME:c99extidentifier)";
				SKIP_INSTALL = YES;
				SUPPORTS_MACCATALYST = NO;
				SWIFT_VERSION = 5.0;
				TARGETED_DEVICE_FAMILY = "1,2";
				VERSIONING_SYSTEM = "apple-generic";
				VERSION_INFO_PREFIX = "";
			};
			name = Debug;
		};
		F952E59D262740330002DF97 /* Release */ = {
			isa = XCBuildConfiguration;
			buildSettings = {
				CODE_SIGN_STYLE = Automatic;
				CURRENT_PROJECT_VERSION = 1;
				DEFINES_MODULE = YES;
				DEVELOPMENT_TEAM = KS7NMJW8M9;
				DYLIB_COMPATIBILITY_VERSION = 1;
				DYLIB_CURRENT_VERSION = 1;
				DYLIB_INSTALL_NAME_BASE = "@rpath";
				INFOPLIST_FILE = mylib/Info.plist;
				INSTALL_PATH = "$(LOCAL_LIBRARY_DIR)/Frameworks";
				LD_RUNPATH_SEARCH_PATHS = (
					"$(inherited)",
					"@executable_path/Frameworks",
					"@loader_path/Frameworks",
				);
				PRODUCT_BUNDLE_IDENTIFIER = lucidmaj7.mylib;
				PRODUCT_NAME = "$(TARGET_NAME:c99extidentifier)";
				SKIP_INSTALL = YES;
				SUPPORTS_MACCATALYST = NO;
				SWIFT_VERSION = 5.0;
				TARGETED_DEVICE_FAMILY = "1,2";
				VERSIONING_SYSTEM = "apple-generic";
				VERSION_INFO_PREFIX = "";
			};
			name = Release;
		};
/* End XCBuildConfiguration section */

/* Begin XCConfigurationList section */
		F952E51826273F1F0002DF97 /* Build configuration list for PBXProject "myApp" */ = {
			isa = XCConfigurationList;
			buildConfigurations = (
				F952E54526273F220002DF97 /* Debug */,
				F952E54626273F220002DF97 /* Release */,
			);
			defaultConfigurationIsVisible = 0;
			defaultConfigurationName = Release;
		};
		F952E54726273F220002DF97 /* Build configuration list for PBXNativeTarget "myApp" */ = {
			isa = XCConfigurationList;
			buildConfigurations = (
				F952E54826273F220002DF97 /* Debug */,
				F952E54926273F220002DF97 /* Release */,
			);
			defaultConfigurationIsVisible = 0;
			defaultConfigurationName = Release;
		};
		F952E54A26273F220002DF97 /* Build configuration list for PBXNativeTarget "myAppTests" */ = {
			isa = XCConfigurationList;
			buildConfigurations = (
				F952E54B26273F220002DF97 /* Debug */,
				F952E54C26273F220002DF97 /* Release */,
			);
			defaultConfigurationIsVisible = 0;
			defaultConfigurationName = Release;
		};
		F952E54D26273F220002DF97 /* Build configuration list for PBXNativeTarget "myAppUITests" */ = {
			isa = XCConfigurationList;
			buildConfigurations = (
				F952E54E26273F220002DF97 /* Debug */,
				F952E54F26273F220002DF97 /* Release */,
			);
			defaultConfigurationIsVisible = 0;
			defaultConfigurationName = Release;
		};
		F952E59B262740330002DF97 /* Build configuration list for PBXNativeTarget "mylib" */ = {
			isa = XCConfigurationList;
			buildConfigurations = (
				F952E59C262740330002DF97 /* Debug */,
				F952E59D262740330002DF97 /* Release */,
			);
			defaultConfigurationIsVisible = 0;
			defaultConfigurationName = Release;
		};
/* End XCConfigurationList section */
	};
	rootObject = F952E51526273F1F0002DF97 /* Project object */;
}
