// !$*UTF8*$!
{
	archiveVersion = 1;
	classes = {
	};
	objectVersion = 50;
	objects = {

/* Begin PBXBuildFile section */
		F952E41B262731060002DF97 /* myframework.framework in Frameworks */ = {isa = PBXBuildFile; fileRef = F952E411262731050002DF97 /* myframework.framework */; };
		F952E420262731060002DF97 /* myframeworkTests.swift in Sources */ = {isa = PBXBuildFile; fileRef = F952E41F262731060002DF97 /* myframeworkTests.swift */; };
		F952E422262731060002DF97 /* myframework.h in Headers */ = {isa = PBXBuildFile; fileRef = F952E414262731050002DF97 /* myframework.h */; settings = {ATTRIBUTES = (Public, ); }; };
		F952E42F262734450002DF97 /* main.h in Headers */ = {isa = PBXBuildFile; fileRef = F952E42D262734450002DF97 /* main.h */; };
		F952E430262734450002DF97 /* main.c in Sources */ = {isa = PBXBuildFile; fileRef = F952E42E262734450002DF97 /* main.c */; };
/* End PBXBuildFile section */

/* Begin PBXContainerItemProxy section */
		F952E41C262731060002DF97 /* PBXContainerItemProxy */ = {
			isa = PBXContainerItemProxy;
			containerPortal = F952E408262731050002DF97 /* Project object */;
			proxyType = 1;
			remoteGlobalIDString = F952E410262731050002DF97;
			remoteInfo = myframework;
		};
/* End PBXContainerItemProxy section */

/* Begin PBXFileReference section */
		F952E411262731050002DF97 /* myframework.framework */ = {isa = PBXFileReference; explicitFileType = wrapper.framework; includeInIndex = 0; path = myframework.framework; sourceTree = BUILT_PRODUCTS_DIR; };
		F952E414262731050002DF97 /* myframework.h */ = {isa = PBXFileReference; lastKnownFileType = sourcecode.c.h; path = myframework.h; sourceTree = "<group>"; };
		F952E415262731050002DF97 /* Info.plist */ = {isa = PBXFileReference; lastKnownFileType = text.plist.xml; path = Info.plist; sourceTree = "<group>"; };
		F952E41A262731060002DF97 /* myframeworkTests.xctest */ = {isa = PBXFileReference; explicitFileType = wrapper.cfbundle; includeInIndex = 0; path = myframeworkTests.xctest; sourceTree = BUILT_PRODUCTS_DIR; };
		F952E41F262731060002DF97 /* myframeworkTests.swift */ = {isa = PBXFileReference; lastKnownFileType = sourcecode.swift; path = myframeworkTests.swift; sourceTree = "<group>"; };
		F952E421262731060002DF97 /* Info.plist */ = {isa = PBXFileReference; lastKnownFileType = text.plist.xml; path = Info.plist; sourceTree = "<group>"; };
		F952E42D262734450002DF97 /* main.h */ = {isa = PBXFileReference; lastKnownFileType = sourcecode.c.h; path = main.h; sourceTree = "<group>"; };
		F952E42E262734450002DF97 /* main.c */ = {isa = PBXFileReference; lastKnownFileType = sourcecode.c.c; path = main.c; sourceTree = "<group>"; };
/* End PBXFileReference section */

/* Begin PBXFrameworksBuildPhase section */
		F952E40E262731050002DF97 /* Frameworks */ = {
			isa = PBXFrameworksBuildPhase;
			buildActionMask = 2147483647;
			files = (
			);
			runOnlyForDeploymentPostprocessing = 0;
		};
		F952E417262731060002DF97 /* Frameworks */ = {
			isa = PBXFrameworksBuildPhase;
			buildActionMask = 2147483647;
			files = (
				F952E41B262731060002DF97 /* myframework.framework in Frameworks */,
			);
			runOnlyForDeploymentPostprocessing = 0;
		};
/* End PBXFrameworksBuildPhase section */

/* Begin PBXGroup section */
		F952E407262731050002DF97 = {
			isa = PBXGroup;
			children = (
				F952E413262731050002DF97 /* myframework */,
				F952E41E262731060002DF97 /* myframeworkTests */,
				F952E412262731050002DF97 /* Products */,
			);
			sourceTree = "<group>";
		};
		F952E412262731050002DF97 /* Products */ = {
			isa = PBXGroup;
			children = (
				F952E411262731050002DF97 /* myframework.framework */,
				F952E41A262731060002DF97 /* myframeworkTests.xctest */,
			);
			name = Products;
			sourceTree = "<group>";
		};
		F952E413262731050002DF97 /* myframework */ = {
			isa = PBXGroup;
			children = (
				F952E414262731050002DF97 /* myframework.h */,
				F952E415262731050002DF97 /* Info.plist */,
				F952E42D262734450002DF97 /* main.h */,
				F952E42E262734450002DF97 /* main.c */,
			);
			path = myframework;
			sourceTree = "<group>";
		};
		F952E41E262731060002DF97 /* myframeworkTests */ = {
			isa = PBXGroup;
			children = (
				F952E41F262731060002DF97 /* myframeworkTests.swift */,
				F952E421262731060002DF97 /* Info.plist */,
			);
			path = myframeworkTests;
			sourceTree = "<group>";
		};
/* End PBXGroup section */

/* Begin PBXHeadersBuildPhase section */
		F952E40C262731050002DF97 /* Headers */ = {
			isa = PBXHeadersBuildPhase;
			buildActionMask = 2147483647;
			files = (
				F952E422262731060002DF97 /* myframework.h in Headers */,
				F952E42F262734450002DF97 /* main.h in Headers */,
			);
			runOnlyForDeploymentPostprocessing = 0;
		};
/* End PBXHeadersBuildPhase section */

/* Begin PBXNativeTarget section */
		F952E410262731050002DF97 /* myframework */ = {
			isa = PBXNativeTarget;
			buildConfigurationList = F952E425262731060002DF97 /* Build configuration list for PBXNativeTarget "myframework" */;
			buildPhases = (
				F952E40C262731050002DF97 /* Headers */,
				F952E40D262731050002DF97 /* Sources */,
				F952E40E262731050002DF97 /* Frameworks */,
				F952E40F262731050002DF97 /* Resources */,
			);
			buildRules = (
			);
			dependencies = (
			);
			name = myframework;
			productName = myframework;
			productReference = F952E411262731050002DF97 /* myframework.framework */;
			productType = "com.apple.product-type.framework";
		};
		F952E419262731060002DF97 /* myframeworkTests */ = {
			isa = PBXNativeTarget;
			buildConfigurationList = F952E428262731060002DF97 /* Build configuration list for PBXNativeTarget "myframeworkTests" */;
			buildPhases = (
				F952E416262731060002DF97 /* Sources */,
				F952E417262731060002DF97 /* Frameworks */,
				F952E418262731060002DF97 /* Resources */,
			);
			buildRules = (
			);
			dependencies = (
				F952E41D262731060002DF97 /* PBXTargetDependency */,
			);
			name = myframeworkTests;
			productName = myframeworkTests;
			productReference = F952E41A262731060002DF97 /* myframeworkTests.xctest */;
			productType = "com.apple.product-type.bundle.unit-test";
		};
/* End PBXNativeTarget section */

/* Begin PBXProject section */
		F952E408262731050002DF97 /* Project object */ = {
			isa = PBXProject;
			attributes = {
				LastSwiftUpdateCheck = 1240;
				LastUpgradeCheck = 1240;
				TargetAttributes = {
					F952E410262731050002DF97 = {
						CreatedOnToolsVersion = 12.4;
					};
					F952E419262731060002DF97 = {
						CreatedOnToolsVersion = 12.4;
					};
				};
			};
			buildConfigurationList = F952E40B262731050002DF97 /* Build configuration list for PBXProject "myframework" */;
			compatibilityVersion = "Xcode 9.3";
			developmentRegion = en;
			hasScannedForEncodings = 0;
			knownRegions = (
				en,
				Base,
			);
			mainGroup = F952E407262731050002DF97;
			productRefGroup = F952E412262731050002DF97 /* Products */;
			projectDirPath = "";
			projectRoot = "";
			targets = (
				F952E410262731050002DF97 /* myframework */,
				F952E419262731060002DF97 /* myframeworkTests */,
			);
		};
/* End PBXProject section */

/* Begin PBXResourcesBuildPhase section */
		F952E40F262731050002DF97 /* Resources */ = {
			isa = PBXResourcesBuildPhase;
			buildActionMask = 2147483647;
			files = (
			);
			runOnlyForDeploymentPostprocessing = 0;
		};
		F952E418262731060002DF97 /* Resources */ = {
			isa = PBXResourcesBuildPhase;
			buildActionMask = 2147483647;
			files = (
			);
			runOnlyForDeploymentPostprocessing = 0;
		};
/* End PBXResourcesBuildPhase section */

/* Begin PBXSourcesBuildPhase section */
		F952E40D262731050002DF97 /* Sources */ = {
			isa = PBXSourcesBuildPhase;
			buildActionMask = 2147483647;
			files = (
				F952E430262734450002DF97 /* main.c in Sources */,
			);
			runOnlyForDeploymentPostprocessing = 0;
		};
		F952E416262731060002DF97 /* Sources */ = {
			isa = PBXSourcesBuildPhase;
			buildActionMask = 2147483647;
			files = (
				F952E420262731060002DF97 /* myframeworkTests.swift in Sources */,
			);
			runOnlyForDeploymentPostprocessing = 0;
		};
/* End PBXSourcesBuildPhase section */

/* Begin PBXTargetDependency section */
		F952E41D262731060002DF97 /* PBXTargetDependency */ = {
			isa = PBXTargetDependency;
			target = F952E410262731050002DF97 /* myframework */;
			targetProxy = F952E41C262731060002DF97 /* PBXContainerItemProxy */;
		};
/* End PBXTargetDependency section */

/* Begin XCBuildConfiguration section */
		F952E423262731060002DF97 /* Debug */ = {
			isa = XCBuildConfiguration;
			buildSettings = {
				ALWAYS_SEARCH_USER_PATHS = NO;
				CLANG_ANALYZER_NONNULL = YES;
				CLANG_ANALYZER_NUMBER_OBJECT_CONVERSION = YES_AGGRESSIVE;
				CLANG_CXX_LANGUAGE_STANDARD = "gnu++14";
				CLANG_CXX_LIBRARY = "libc++";
				CLANG_ENABLE_MODULES = YES;
				CLANG_ENABLE_OBJC_ARC = YES;
				CLANG_ENABLE_OBJC_WEAK = YES;
				CLANG_WARN_BLOCK_CAPTURE_AUTORELEASING = YES;
				CLANG_WARN_BOOL_CONVERSION = YES;
				CLANG_WARN_COMMA = YES;
				CLANG_WARN_CONSTANT_CONVERSION = YES;
				CLANG_WARN_DEPRECATED_OBJC_IMPLEMENTATIONS = YES;
				CLANG_WARN_DIRECT_OBJC_ISA_USAGE = YES_ERROR;
				CLANG_WARN_DOCUMENTATION_COMMENTS = YES;
				CLANG_WARN_EMPTY_BODY = YES;
				CLANG_WARN_ENUM_CONVERSION = YES;
				CLANG_WARN_INFINITE_RECURSION = YES;
				CLANG_WARN_INT_CONVERSION = YES;
				CLANG_WARN_NON_LITERAL_NULL_CONVERSION = YES;
				CLANG_WARN_OBJC_IMPLICIT_RETAIN_SELF = YES;
				CLANG_WARN_OBJC_LITERAL_CONVERSION = YES;
				CLANG_WARN_OBJC_ROOT_CLASS = YES_ERROR;
				CLANG_WARN_QUOTED_INCLUDE_IN_FRAMEWORK_HEADER = YES;
				CLANG_WARN_RANGE_LOOP_ANALYSIS = YES;
				CLANG_WARN_STRICT_PROTOTYPES = YES;
				CLANG_WARN_SUSPICIOUS_MOVE = YES;
				CLANG_WARN_UNGUARDED_AVAILABILITY = YES_AGGRESSIVE;
				CLANG_WARN_UNREACHABLE_CODE = YES;
				CLANG_WARN__DUPLICATE_METHOD_MATCH = YES;
				COPY_PHASE_STRIP = NO;
				CURRENT_PROJECT_VERSION = 1;
				DEBUG_INFORMATION_FORMAT = dwarf;
				ENABLE_STRICT_OBJC_MSGSEND = YES;
				ENABLE_TESTABILITY = YES;
				GCC_C_LANGUAGE_STANDARD = gnu11;
				GCC_DYNAMIC_NO_PIC = NO;
				GCC_NO_COMMON_BLOCKS = YES;
				GCC_OPTIMIZATION_LEVEL = 0;
				GCC_PREPROCESSOR_DEFINITIONS = (
					"DEBUG=1",
					"$(inherited)",
				);
				GCC_WARN_64_TO_32_BIT_CONVERSION = YES;
				GCC_WARN_ABOUT_RETURN_TYPE = YES_ERROR;
				GCC_WARN_UNDECLARED_SELECTOR = YES;
				GCC_WARN_UNINITIALIZED_AUTOS = YES_AGGRESSIVE;
				GCC_WARN_UNUSED_FUNCTION = YES;
				GCC_WARN_UNUSED_VARIABLE = YES;
				IPHONEOS_DEPLOYMENT_TARGET = 14.4;
				MTL_ENABLE_DEBUG_INFO = INCLUDE_SOURCE;
				MTL_FAST_MATH = YES;
				ONLY_ACTIVE_ARCH = YES;
				SDKROOT = iphoneos;
				SWIFT_ACTIVE_COMPILATION_CONDITIONS = DEBUG;
				SWIFT_OPTIMIZATION_LEVEL = "-Onone";
				VERSIONING_SYSTEM = "apple-generic";
				VERSION_INFO_PREFIX = "";
			};
			name = Debug;
		};
		F952E424262731060002DF97 /* Release */ = {
			isa = XCBuildConfiguration;
			buildSettings = {
				ALWAYS_SEARCH_USER_PATHS = NO;
				CLANG_ANALYZER_NONNULL = YES;
				CLANG_ANALYZER_NUMBER_OBJECT_CONVERSION = YES_AGGRESSIVE;
				CLANG_CXX_LANGUAGE_STANDARD = "gnu++14";
				CLANG_CXX_LIBRARY = "libc++";
				CLANG_ENABLE_MODULES = YES;
				CLANG_ENABLE_OBJC_ARC = YES;
				CLANG_ENABLE_OBJC_WEAK = YES;
				CLANG_WARN_BLOCK_CAPTURE_AUTORELEASING = YES;
				CLANG_WARN_BOOL_CONVERSION = YES;
				CLANG_WARN_COMMA = YES;
				CLANG_WARN_CONSTANT_CONVERSION = YES;
				CLANG_WARN_DEPRECATED_OBJC_IMPLEMENTATIONS = YES;
				CLANG_WARN_DIRECT_OBJC_ISA_USAGE = YES_ERROR;
				CLANG_WARN_DOCUMENTATION_COMMENTS = YES;
				CLANG_WARN_EMPTY_BODY = YES;
				CLANG_WARN_ENUM_CONVERSION = YES;
				CLANG_WARN_INFINITE_RECURSION = YES;
				CLANG_WARN_INT_CONVERSION = YES;
				CLANG_WARN_NON_LITERAL_NULL_CONVERSION = YES;
				CLANG_WARN_OBJC_IMPLICIT_RETAIN_SELF = YES;
				CLANG_WARN_OBJC_LITERAL_CONVERSION = YES;
				CLANG_WARN_OBJC_ROOT_CLASS = YES_ERROR;
				CLANG_WARN_QUOTED_INCLUDE_IN_FRAMEWORK_HEADER = YES;
				CLANG_WARN_RANGE_LOOP_ANALYSIS = YES;
				CLANG_WARN_STRICT_PROTOTYPES = YES;
				CLANG_WARN_SUSPICIOUS_MOVE = YES;
				CLANG_WARN_UNGUARDED_AVAILABILITY = YES_AGGRESSIVE;
				CLANG_WARN_UNREACHABLE_CODE = YES;
				CLANG_WARN__DUPLICATE_METHOD_MATCH = YES;
				COPY_PHASE_STRIP = NO;
				CURRENT_PROJECT_VERSION = 1;
				DEBUG_INFORMATION_FORMAT = "dwarf-with-dsym";
				ENABLE_NS_ASSERTIONS = NO;
				ENABLE_STRICT_OBJC_MSGSEND = YES;
				GCC_C_LANGUAGE_STANDARD = gnu11;
				GCC_NO_COMMON_BLOCKS = YES;
				GCC_WARN_64_TO_32_BIT_CONVERSION = YES;
				GCC_WARN_ABOUT_RETURN_TYPE = YES_ERROR;
				GCC_WARN_UNDECLARED_SELECTOR = YES;
				GCC_WARN_UNINITIALIZED_AUTOS = YES_AGGRESSIVE;
				GCC_WARN_UNUSED_FUNCTION = YES;
				GCC_WARN_UNUSED_VARIABLE = YES;
				IPHONEOS_DEPLOYMENT_TARGET = 14.4;
				MTL_ENABLE_DEBUG_INFO = NO;
				MTL_FAST_MATH = YES;
				SDKROOT = iphoneos;
				SWIFT_COMPILATION_MODE = wholemodule;
				SWIFT_OPTIMIZATION_LEVEL = "-O";
				VALIDATE_PRODUCT = YES;
				VERSIONING_SYSTEM = "apple-generic";
				VERSION_INFO_PREFIX = "";
			};
			name = Release;
		};
		F952E426262731060002DF97 /* Debug */ = {
			isa = XCBuildConfiguration;
			buildSettings = {
				CODE_SIGN_STYLE = Automatic;
				DEFINES_MODULE = YES;
				DEVELOPMENT_TEAM = KS7NMJW8M9;
				DYLIB_COMPATIBILITY_VERSION = 1;
				DYLIB_CURRENT_VERSION = 1;
				DYLIB_INSTALL_NAME_BASE = "@rpath";
				INFOPLIST_FILE = myframework/Info.plist;
				INSTALL_PATH = "$(LOCAL_LIBRARY_DIR)/Frameworks";
				LD_RUNPATH_SEARCH_PATHS = (
					"$(inherited)",
					"@executable_path/Frameworks",
					"@loader_path/Frameworks",
				);
				PRODUCT_BUNDLE_IDENTIFIER = lucidmaj7.myframework;
				PRODUCT_NAME = "$(TARGET_NAME:c99extidentifier)";
				SKIP_INSTALL = YES;
				SUPPORTS_MACCATALYST = NO;
				SWIFT_VERSION = 5.0;
				TARGETED_DEVICE_FAMILY = "1,2";
			};
			name = Debug;
		};
		F952E427262731060002DF97 /* Release */ = {
			isa = XCBuildConfiguration;
			buildSettings = {
				CODE_SIGN_STYLE = Automatic;
				DEFINES_MODULE = YES;
				DEVELOPMENT_TEAM = KS7NMJW8M9;
				DYLIB_COMPATIBILITY_VERSION = 1;
				DYLIB_CURRENT_VERSION = 1;
				DYLIB_INSTALL_NAME_BASE = "@rpath";
				INFOPLIST_FILE = myframework/Info.plist;
				INSTALL_PATH = "$(LOCAL_LIBRARY_DIR)/Frameworks";
				LD_RUNPATH_SEARCH_PATHS = (
					"$(inherited)",
					"@executable_path/Frameworks",
					"@loader_path/Frameworks",
				);
				PRODUCT_BUNDLE_IDENTIFIER = lucidmaj7.myframework;
				PRODUCT_NAME = "$(TARGET_NAME:c99extidentifier)";
				SKIP_INSTALL = YES;
				SUPPORTS_MACCATALYST = NO;
				SWIFT_VERSION = 5.0;
				TARGETED_DEVICE_FAMILY = "1,2";
			};
			name = Release;
		};
		F952E429262731060002DF97 /* Debug */ = {
			isa = XCBuildConfiguration;
			buildSettings = {
				CODE_SIGN_STYLE = Automatic;
				DEVELOPMENT_TEAM = KS7NMJW8M9;
				INFOPLIST_FILE = myframeworkTests/Info.plist;
				LD_RUNPATH_SEARCH_PATHS = (
					"$(inherited)",
					"@executable_path/Frameworks",
					"@loader_path/Frameworks",
				);
				PRODUCT_BUNDLE_IDENTIFIER = lucidmaj7.myframeworkTests;
				PRODUCT_NAME = "$(TARGET_NAME)";
				SWIFT_VERSION = 5.0;
				TARGETED_DEVICE_FAMILY = "1,2";
			};
			name = Debug;
		};
		F952E42A262731060002DF97 /* Release */ = {
			isa = XCBuildConfiguration;
			buildSettings = {
				CODE_SIGN_STYLE = Automatic;
				DEVELOPMENT_TEAM = KS7NMJW8M9;
				INFOPLIST_FILE = myframeworkTests/Info.plist;
				LD_RUNPATH_SEARCH_PATHS = (
					"$(inherited)",
					"@executable_path/Frameworks",
					"@loader_path/Frameworks",
				);
				PRODUCT_BUNDLE_IDENTIFIER = lucidmaj7.myframeworkTests;
				PRODUCT_NAME = "$(TARGET_NAME)";
				SWIFT_VERSION = 5.0;
				TARGETED_DEVICE_FAMILY = "1,2";
			};
			name = Release;
		};
/* End XCBuildConfiguration section */

/* Begin XCConfigurationList section */
		F952E40B262731050002DF97 /* Build configuration list for PBXProject "myframework" */ = {
			isa = XCConfigurationList;
			buildConfigurations = (
				F952E423262731060002DF97 /* Debug */,
				F952E424262731060002DF97 /* Release */,
			);
			defaultConfigurationIsVisible = 0;
			defaultConfigurationName = Release;
		};
		F952E425262731060002DF97 /* Build configuration list for PBXNativeTarget "myframework" */ = {
			isa = XCConfigurationList;
			buildConfigurations = (
				F952E426262731060002DF97 /* Debug */,
				F952E427262731060002DF97 /* Release */,
			);
			defaultConfigurationIsVisible = 0;
			defaultConfigurationName = Release;
		};
		F952E428262731060002DF97 /* Build configuration list for PBXNativeTarget "myframeworkTests" */ = {
			isa = XCConfigurationList;
			buildConfigurations = (
				F952E429262731060002DF97 /* Debug */,
				F952E42A262731060002DF97 /* Release */,
			);
			defaultConfigurationIsVisible = 0;
			defaultConfigurationName = Release;
		};
/* End XCConfigurationList section */
	};
	rootObject = F952E408262731050002DF97 /* Project object */;
}
